
Microsoft Visual Studio Solution File, Format Version 12.00
# Visual Studio Version 16
VisualStudioVersion = 16.0.31424.327
MinimumVisualStudioVersion = 10.0.40219.1
Project("{9A19103F-16F7-4668-BE54-9A1E7A4F7556}") = "AutoUpdate", "AutoUpdate\AutoUpdate.csproj", "{C4DCAD87-F4E7-41F3-9093-071491FE36F4}"
EndProject
Project("{9A19103F-16F7-4668-BE54-9A1E7A4F7556}") = "AutoUpdate.Directory_Info_Data", "AutoUpdate.Directory_Info_Data\AutoUpdate.Directory_Info_Data.csproj", "{306181E8-4477-4F1C-A24E-87094CA66030}"
EndProject
Project("{FAE04EC0-301F-11D3-BF4B-00C04F79EFBC}") = "AutoUpdate.WinForm", "AutoUpdate.WinForm\AutoUpdate.WinForm.csproj", "{453667EF-8CBD-418C-A787-B142CFDC88BF}"
EndProject
Global
	GlobalSection(SolutionConfigurationPlatforms) = preSolution
		Debug|Any CPU = Debug|Any CPU
		Release|Any CPU = Release|Any CPU
	EndGlobalSection
	GlobalSection(ProjectConfigurationPlatforms) = postSolution
		{C4DCAD87-F4E7-41F3-9093-071491FE36F4}.Debug|Any CPU.ActiveCfg = Debug|Any CPU
		{C4DCAD87-F4E7-41F3-9093-071491FE36F4}.Debug|Any CPU.Build.0 = Debug|Any CPU
		{C4DCAD87-F4E7-41F3-9093-071491FE36F4}.Release|Any CPU.ActiveCfg = Release|Any CPU
		{C4DCAD87-F4E7-41F3-9093-071491FE36F4}.Release|Any CPU.Build.0 = Release|Any CPU
		{306181E8-4477-4F1C-A24E-87094CA66030}.Debug|Any CPU.ActiveCfg = Debug|Any CPU
		{306181E8-4477-4F1C-A24E-87094CA66030}.Debug|Any CPU.Build.0 = Debug|Any CPU
		{306181E8-4477-4F1C-A24E-87094CA66030}.Release|Any CPU.ActiveCfg = Release|Any CPU
		{306181E8-4477-4F1C-A24E-87094CA66030}.Release|Any CPU.Build.0 = Release|Any CPU
		{453667EF-8CBD-418C-A787-B142CFDC88BF}.Debug|Any CPU.ActiveCfg = Debug|Any CPU
		{453667EF-8CBD-418C-A787-B142CFDC88BF}.Debug|Any CPU.Build.0 = Debug|Any CPU
		{453667EF-8CBD-418C-A787-B142CFDC88BF}.Release|Any CPU.ActiveCfg = Release|Any CPU
		{453667EF-8CBD-418C-A787-B142CFDC88BF}.Release|Any CPU.Build.0 = Release|Any CPU
	EndGlobalSection
	GlobalSection(SolutionProperties) = preSolution
		HideSolutionNode = FALSE
	EndGlobalSection
	GlobalSection(ExtensibilityGlobals) = postSolution
		SolutionGuid = {974A24BE-D5DA-4D76-831F-6DEF2871C363}
	EndGlobalSection
EndGlobal
