
Microsoft Visual Studio Solution File, Format Version 12.00
# Visual Studio Version 16
VisualStudioVersion = 16.0.31424.327
MinimumVisualStudioVersion = 10.0.40219.1
Project("{FAE04EC0-301F-11D3-BF4B-00C04F79EFBC}") = "WinFormAutoUpdate", "WinFormAutoUpdate\WinFormAutoUpdate.csproj", "{BCC7AD0D-2052-4FA7-BB11-35E91036A256}"
EndProject
Global
	GlobalSection(SolutionConfigurationPlatforms) = preSolution
		Debug|Any CPU = Debug|Any CPU
		Release|Any CPU = Release|Any CPU
	EndGlobalSection
	GlobalSection(ProjectConfigurationPlatforms) = postSolution
		{BCC7AD0D-2052-4FA7-BB11-35E91036A256}.Debug|Any CPU.ActiveCfg = Debug|Any CPU
		{BCC7AD0D-2052-4FA7-BB11-35E91036A256}.Debug|Any CPU.Build.0 = Debug|Any CPU
		{BCC7AD0D-2052-4FA7-BB11-35E91036A256}.Release|Any CPU.ActiveCfg = Release|Any CPU
		{BCC7AD0D-2052-4FA7-BB11-35E91036A256}.Release|Any CPU.Build.0 = Release|Any CPU
	EndGlobalSection
	GlobalSection(SolutionProperties) = preSolution
		HideSolutionNode = FALSE
	EndGlobalSection
	GlobalSection(ExtensibilityGlobals) = postSolution
		SolutionGuid = {974A24BE-D5DA-4D76-831F-6DEF2871C363}
	EndGlobalSection
EndGlobal
